
Microsoft Visual Studio Solution File, Format Version 12.00
# Visual Studio Version 16
VisualStudioVersion = 16.0.29926.136
MinimumVisualStudioVersion = 10.0.40219.1
Project("{FAE04EC0-301F-11D3-BF4B-00C04F79EFBC}") = "deltaAlgorythm", "deltaAlgorythm.csproj", "{599BE033-F3F6-4606-B9F0-9298D392F02F}"
EndProject
Global
	GlobalSection(SolutionConfigurationPlatforms) = preSolution
		Debug|Any CPU = Debug|Any CPU
		Release|Any CPU = Release|Any CPU
	EndGlobalSection
	GlobalSection(ProjectConfigurationPlatforms) = postSolution
		{599BE033-F3F6-4606-B9F0-9298D392F02F}.Debug|Any CPU.ActiveCfg = Debug|Any CPU
		{599BE033-F3F6-4606-B9F0-9298D392F02F}.Debug|Any CPU.Build.0 = Debug|Any CPU
		{599BE033-F3F6-4606-B9F0-9298D392F02F}.Release|Any CPU.ActiveCfg = Release|Any CPU
		{599BE033-F3F6-4606-B9F0-9298D392F02F}.Release|Any CPU.Build.0 = Release|Any CPU
	EndGlobalSection
	GlobalSection(SolutionProperties) = preSolution
		HideSolutionNode = FALSE
	EndGlobalSection
	GlobalSection(ExtensibilityGlobals) = postSolution
		SolutionGuid = {7E91AB03-6381-4290-ACEB-2190B9919835}
	EndGlobalSection
EndGlobal
